
Microsoft Visual Studio Solution File, Format Version 12.00
# Visual Studio Version 17
VisualStudioVersion = 17.5.33627.172
MinimumVisualStudioVersion = 10.0.40219.1
Project("{9A19103F-16F7-4668-BE54-9A1E7A4F7556}") = "Vectorify", "Vectorify\Vectorify.csproj", "{1DFD4056-A891-41CF-B110-1E512DB0C9AD}"
EndProject
Project("{9A19103F-16F7-4668-BE54-9A1E7A4F7556}") = "Vectorify.Core", "Vectorify.Core\Vectorify.Core.csproj", "{1F8E5176-46D6-43F5-961C-FEEAE364BD2A}"
EndProject
Project("{FAE04EC0-301F-11D3-BF4B-00C04F79EFBC}") = "VectorifyUNO", "VectorifyUNO\VectorifyUNO\VectorifyUNO.csproj", "{C6AB54B5-5622-4C83-81E6-6210FB533F80}"
EndProject
Project("{FAE04EC0-301F-11D3-BF4B-00C04F79EFBC}") = "VectorifyUNO.Mobile", "VectorifyUNO\VectorifyUNO.Mobile\VectorifyUNO.Mobile.csproj", "{49FED877-9E03-4DAF-B0E0-349DEA06D811}"
EndProject
Project("{FAE04EC0-301F-11D3-BF4B-00C04F79EFBC}") = "VectorifyUNO.Windows", "VectorifyUNO\VectorifyUNO.Windows\VectorifyUNO.Windows.csproj", "{9C1919F1-A634-4370-B908-F3D91B577987}"
EndProject
Project("{FAE04EC0-301F-11D3-BF4B-00C04F79EFBC}") = "VectorifyUNO.Wasm", "VectorifyUNO\VectorifyUNO.Wasm\VectorifyUNO.Wasm.csproj", "{D10A85FB-FFEB-4B86-AB11-065EA173479B}"
EndProject
Project("{FAE04EC0-301F-11D3-BF4B-00C04F79EFBC}") = "VectorifyUNO.Skia.Gtk", "VectorifyUNO\VectorifyUNO.Skia.Gtk\VectorifyUNO.Skia.Gtk.csproj", "{E7C38AD2-F8DA-41D5-9D10-8BEE5E9C0B40}"
EndProject
Global
	GlobalSection(SolutionConfigurationPlatforms) = preSolution
		Debug|Any CPU = Debug|Any CPU
		Debug|arm64 = Debug|arm64
		Debug|x64 = Debug|x64
		Debug|x86 = Debug|x86
		Mac|Any CPU = Mac|Any CPU
		Mac|arm64 = Mac|arm64
		Mac|x64 = Mac|x64
		Mac|x86 = Mac|x86
		Release|Any CPU = Release|Any CPU
		Release|arm64 = Release|arm64
		Release|x64 = Release|x64
		Release|x86 = Release|x86
	EndGlobalSection
	GlobalSection(ProjectConfigurationPlatforms) = postSolution
		{1DFD4056-A891-41CF-B110-1E512DB0C9AD}.Debug|Any CPU.ActiveCfg = Debug|x64
		{1DFD4056-A891-41CF-B110-1E512DB0C9AD}.Debug|Any CPU.Build.0 = Debug|x64
		{1DFD4056-A891-41CF-B110-1E512DB0C9AD}.Debug|Any CPU.Deploy.0 = Debug|x64
		{1DFD4056-A891-41CF-B110-1E512DB0C9AD}.Debug|arm64.ActiveCfg = Debug|arm64
		{1DFD4056-A891-41CF-B110-1E512DB0C9AD}.Debug|arm64.Build.0 = Debug|arm64
		{1DFD4056-A891-41CF-B110-1E512DB0C9AD}.Debug|arm64.Deploy.0 = Debug|arm64
		{1DFD4056-A891-41CF-B110-1E512DB0C9AD}.Debug|x64.ActiveCfg = Debug|x64
		{1DFD4056-A891-41CF-B110-1E512DB0C9AD}.Debug|x64.Build.0 = Debug|x64
		{1DFD4056-A891-41CF-B110-1E512DB0C9AD}.Debug|x64.Deploy.0 = Debug|x64
		{1DFD4056-A891-41CF-B110-1E512DB0C9AD}.Debug|x86.ActiveCfg = Debug|x86
		{1DFD4056-A891-41CF-B110-1E512DB0C9AD}.Debug|x86.Build.0 = Debug|x86
		{1DFD4056-A891-41CF-B110-1E512DB0C9AD}.Debug|x86.Deploy.0 = Debug|x86
		{1DFD4056-A891-41CF-B110-1E512DB0C9AD}.Mac|Any CPU.ActiveCfg = Release|x64
		{1DFD4056-A891-41CF-B110-1E512DB0C9AD}.Mac|Any CPU.Build.0 = Release|x64
		{1DFD4056-A891-41CF-B110-1E512DB0C9AD}.Mac|arm64.ActiveCfg = Release|arm64
		{1DFD4056-A891-41CF-B110-1E512DB0C9AD}.Mac|x64.ActiveCfg = Release|x64
		{1DFD4056-A891-41CF-B110-1E512DB0C9AD}.Mac|x64.Build.0 = Release|x64
		{1DFD4056-A891-41CF-B110-1E512DB0C9AD}.Mac|x86.ActiveCfg = Release|x86
		{1DFD4056-A891-41CF-B110-1E512DB0C9AD}.Release|Any CPU.ActiveCfg = Release|x64
		{1DFD4056-A891-41CF-B110-1E512DB0C9AD}.Release|Any CPU.Build.0 = Release|x64
		{1DFD4056-A891-41CF-B110-1E512DB0C9AD}.Release|Any CPU.Deploy.0 = Release|x64
		{1DFD4056-A891-41CF-B110-1E512DB0C9AD}.Release|arm64.ActiveCfg = Release|arm64
		{1DFD4056-A891-41CF-B110-1E512DB0C9AD}.Release|arm64.Build.0 = Release|arm64
		{1DFD4056-A891-41CF-B110-1E512DB0C9AD}.Release|arm64.Deploy.0 = Release|arm64
		{1DFD4056-A891-41CF-B110-1E512DB0C9AD}.Release|x64.ActiveCfg = Release|x64
		{1DFD4056-A891-41CF-B110-1E512DB0C9AD}.Release|x64.Build.0 = Release|x64
		{1DFD4056-A891-41CF-B110-1E512DB0C9AD}.Release|x64.Deploy.0 = Release|x64
		{1DFD4056-A891-41CF-B110-1E512DB0C9AD}.Release|x86.ActiveCfg = Release|x86
		{1DFD4056-A891-41CF-B110-1E512DB0C9AD}.Release|x86.Build.0 = Release|x86
		{1DFD4056-A891-41CF-B110-1E512DB0C9AD}.Release|x86.Deploy.0 = Release|x86
		{1F8E5176-46D6-43F5-961C-FEEAE364BD2A}.Debug|Any CPU.ActiveCfg = Debug|Any CPU
		{1F8E5176-46D6-43F5-961C-FEEAE364BD2A}.Debug|Any CPU.Build.0 = Debug|Any CPU
		{1F8E5176-46D6-43F5-961C-FEEAE364BD2A}.Debug|arm64.ActiveCfg = Debug|arm64
		{1F8E5176-46D6-43F5-961C-FEEAE364BD2A}.Debug|arm64.Build.0 = Debug|arm64
		{1F8E5176-46D6-43F5-961C-FEEAE364BD2A}.Debug|x64.ActiveCfg = Debug|x64
		{1F8E5176-46D6-43F5-961C-FEEAE364BD2A}.Debug|x64.Build.0 = Debug|x64
		{1F8E5176-46D6-43F5-961C-FEEAE364BD2A}.Debug|x86.ActiveCfg = Debug|x86
		{1F8E5176-46D6-43F5-961C-FEEAE364BD2A}.Debug|x86.Build.0 = Debug|x86
		{1F8E5176-46D6-43F5-961C-FEEAE364BD2A}.Mac|Any CPU.ActiveCfg = Mac|Any CPU
		{1F8E5176-46D6-43F5-961C-FEEAE364BD2A}.Mac|Any CPU.Build.0 = Mac|Any CPU
		{1F8E5176-46D6-43F5-961C-FEEAE364BD2A}.Mac|arm64.ActiveCfg = Mac|arm64
		{1F8E5176-46D6-43F5-961C-FEEAE364BD2A}.Mac|arm64.Build.0 = Mac|arm64
		{1F8E5176-46D6-43F5-961C-FEEAE364BD2A}.Mac|x64.ActiveCfg = Mac|x64
		{1F8E5176-46D6-43F5-961C-FEEAE364BD2A}.Mac|x64.Build.0 = Mac|x64
		{1F8E5176-46D6-43F5-961C-FEEAE364BD2A}.Mac|x86.ActiveCfg = Mac|x86
		{1F8E5176-46D6-43F5-961C-FEEAE364BD2A}.Mac|x86.Build.0 = Mac|x86
		{1F8E5176-46D6-43F5-961C-FEEAE364BD2A}.Release|Any CPU.ActiveCfg = Release|Any CPU
		{1F8E5176-46D6-43F5-961C-FEEAE364BD2A}.Release|Any CPU.Build.0 = Release|Any CPU
		{1F8E5176-46D6-43F5-961C-FEEAE364BD2A}.Release|arm64.ActiveCfg = Release|arm64
		{1F8E5176-46D6-43F5-961C-FEEAE364BD2A}.Release|arm64.Build.0 = Release|arm64
		{1F8E5176-46D6-43F5-961C-FEEAE364BD2A}.Release|x64.ActiveCfg = Release|x64
		{1F8E5176-46D6-43F5-961C-FEEAE364BD2A}.Release|x64.Build.0 = Release|x64
		{1F8E5176-46D6-43F5-961C-FEEAE364BD2A}.Release|x86.ActiveCfg = Release|x86
		{1F8E5176-46D6-43F5-961C-FEEAE364BD2A}.Release|x86.Build.0 = Release|x86
		{C6AB54B5-5622-4C83-81E6-6210FB533F80}.Debug|Any CPU.ActiveCfg = Debug|Any CPU
		{C6AB54B5-5622-4C83-81E6-6210FB533F80}.Debug|Any CPU.Build.0 = Debug|Any CPU
		{C6AB54B5-5622-4C83-81E6-6210FB533F80}.Debug|arm64.ActiveCfg = Debug|Any CPU
		{C6AB54B5-5622-4C83-81E6-6210FB533F80}.Debug|arm64.Build.0 = Debug|Any CPU
		{C6AB54B5-5622-4C83-81E6-6210FB533F80}.Debug|x64.ActiveCfg = Debug|Any CPU
		{C6AB54B5-5622-4C83-81E6-6210FB533F80}.Debug|x64.Build.0 = Debug|Any CPU
		{C6AB54B5-5622-4C83-81E6-6210FB533F80}.Debug|x86.ActiveCfg = Debug|Any CPU
		{C6AB54B5-5622-4C83-81E6-6210FB533F80}.Debug|x86.Build.0 = Debug|Any CPU
		{C6AB54B5-5622-4C83-81E6-6210FB533F80}.Mac|Any CPU.ActiveCfg = Debug|Any CPU
		{C6AB54B5-5622-4C83-81E6-6210FB533F80}.Mac|Any CPU.Build.0 = Debug|Any CPU
		{C6AB54B5-5622-4C83-81E6-6210FB533F80}.Mac|arm64.ActiveCfg = Debug|Any CPU
		{C6AB54B5-5622-4C83-81E6-6210FB533F80}.Mac|arm64.Build.0 = Debug|Any CPU
		{C6AB54B5-5622-4C83-81E6-6210FB533F80}.Mac|x64.ActiveCfg = Debug|Any CPU
		{C6AB54B5-5622-4C83-81E6-6210FB533F80}.Mac|x64.Build.0 = Debug|Any CPU
		{C6AB54B5-5622-4C83-81E6-6210FB533F80}.Mac|x86.ActiveCfg = Debug|Any CPU
		{C6AB54B5-5622-4C83-81E6-6210FB533F80}.Mac|x86.Build.0 = Debug|Any CPU
		{C6AB54B5-5622-4C83-81E6-6210FB533F80}.Release|Any CPU.ActiveCfg = Release|Any CPU
		{C6AB54B5-5622-4C83-81E6-6210FB533F80}.Release|Any CPU.Build.0 = Release|Any CPU
		{C6AB54B5-5622-4C83-81E6-6210FB533F80}.Release|arm64.ActiveCfg = Release|Any CPU
		{C6AB54B5-5622-4C83-81E6-6210FB533F80}.Release|arm64.Build.0 = Release|Any CPU
		{C6AB54B5-5622-4C83-81E6-6210FB533F80}.Release|x64.ActiveCfg = Release|Any CPU
		{C6AB54B5-5622-4C83-81E6-6210FB533F80}.Release|x64.Build.0 = Release|Any CPU
		{C6AB54B5-5622-4C83-81E6-6210FB533F80}.Release|x86.ActiveCfg = Release|Any CPU
		{C6AB54B5-5622-4C83-81E6-6210FB533F80}.Release|x86.Build.0 = Release|Any CPU
		{49FED877-9E03-4DAF-B0E0-349DEA06D811}.Debug|Any CPU.ActiveCfg = Debug|Any CPU
		{49FED877-9E03-4DAF-B0E0-349DEA06D811}.Debug|Any CPU.Build.0 = Debug|Any CPU
		{49FED877-9E03-4DAF-B0E0-349DEA06D811}.Debug|Any CPU.Deploy.0 = Debug|Any CPU
		{49FED877-9E03-4DAF-B0E0-349DEA06D811}.Debug|arm64.ActiveCfg = Debug|Any CPU
		{49FED877-9E03-4DAF-B0E0-349DEA06D811}.Debug|arm64.Build.0 = Debug|Any CPU
		{49FED877-9E03-4DAF-B0E0-349DEA06D811}.Debug|arm64.Deploy.0 = Debug|Any CPU
		{49FED877-9E03-4DAF-B0E0-349DEA06D811}.Debug|x64.ActiveCfg = Debug|Any CPU
		{49FED877-9E03-4DAF-B0E0-349DEA06D811}.Debug|x64.Build.0 = Debug|Any CPU
		{49FED877-9E03-4DAF-B0E0-349DEA06D811}.Debug|x64.Deploy.0 = Debug|Any CPU
		{49FED877-9E03-4DAF-B0E0-349DEA06D811}.Debug|x86.ActiveCfg = Debug|Any CPU
		{49FED877-9E03-4DAF-B0E0-349DEA06D811}.Debug|x86.Build.0 = Debug|Any CPU
		{49FED877-9E03-4DAF-B0E0-349DEA06D811}.Debug|x86.Deploy.0 = Debug|Any CPU
		{49FED877-9E03-4DAF-B0E0-349DEA06D811}.Mac|Any CPU.ActiveCfg = Debug|Any CPU
		{49FED877-9E03-4DAF-B0E0-349DEA06D811}.Mac|Any CPU.Build.0 = Debug|Any CPU
		{49FED877-9E03-4DAF-B0E0-349DEA06D811}.Mac|Any CPU.Deploy.0 = Debug|Any CPU
		{49FED877-9E03-4DAF-B0E0-349DEA06D811}.Mac|arm64.ActiveCfg = Debug|Any CPU
		{49FED877-9E03-4DAF-B0E0-349DEA06D811}.Mac|arm64.Build.0 = Debug|Any CPU
		{49FED877-9E03-4DAF-B0E0-349DEA06D811}.Mac|arm64.Deploy.0 = Debug|Any CPU
		{49FED877-9E03-4DAF-B0E0-349DEA06D811}.Mac|x64.ActiveCfg = Debug|Any CPU
		{49FED877-9E03-4DAF-B0E0-349DEA06D811}.Mac|x64.Build.0 = Debug|Any CPU
		{49FED877-9E03-4DAF-B0E0-349DEA06D811}.Mac|x64.Deploy.0 = Debug|Any CPU
		{49FED877-9E03-4DAF-B0E0-349DEA06D811}.Mac|x86.ActiveCfg = Debug|Any CPU
		{49FED877-9E03-4DAF-B0E0-349DEA06D811}.Mac|x86.Build.0 = Debug|Any CPU
		{49FED877-9E03-4DAF-B0E0-349DEA06D811}.Mac|x86.Deploy.0 = Debug|Any CPU
		{49FED877-9E03-4DAF-B0E0-349DEA06D811}.Release|Any CPU.ActiveCfg = Release|Any CPU
		{49FED877-9E03-4DAF-B0E0-349DEA06D811}.Release|Any CPU.Build.0 = Release|Any CPU
		{49FED877-9E03-4DAF-B0E0-349DEA06D811}.Release|Any CPU.Deploy.0 = Release|Any CPU
		{49FED877-9E03-4DAF-B0E0-349DEA06D811}.Release|arm64.ActiveCfg = Release|Any CPU
		{49FED877-9E03-4DAF-B0E0-349DEA06D811}.Release|arm64.Build.0 = Release|Any CPU
		{49FED877-9E03-4DAF-B0E0-349DEA06D811}.Release|arm64.Deploy.0 = Release|Any CPU
		{49FED877-9E03-4DAF-B0E0-349DEA06D811}.Release|x64.ActiveCfg = Release|Any CPU
		{49FED877-9E03-4DAF-B0E0-349DEA06D811}.Release|x64.Build.0 = Release|Any CPU
		{49FED877-9E03-4DAF-B0E0-349DEA06D811}.Release|x64.Deploy.0 = Release|Any CPU
		{49FED877-9E03-4DAF-B0E0-349DEA06D811}.Release|x86.ActiveCfg = Release|Any CPU
		{49FED877-9E03-4DAF-B0E0-349DEA06D811}.Release|x86.Build.0 = Release|Any CPU
		{49FED877-9E03-4DAF-B0E0-349DEA06D811}.Release|x86.Deploy.0 = Release|Any CPU
		{9C1919F1-A634-4370-B908-F3D91B577987}.Debug|Any CPU.ActiveCfg = Debug|x64
		{9C1919F1-A634-4370-B908-F3D91B577987}.Debug|Any CPU.Build.0 = Debug|x64
		{9C1919F1-A634-4370-B908-F3D91B577987}.Debug|arm64.ActiveCfg = Debug|arm64
		{9C1919F1-A634-4370-B908-F3D91B577987}.Debug|arm64.Build.0 = Debug|arm64
		{9C1919F1-A634-4370-B908-F3D91B577987}.Debug|x64.ActiveCfg = Debug|x64
		{9C1919F1-A634-4370-B908-F3D91B577987}.Debug|x64.Build.0 = Debug|x64
		{9C1919F1-A634-4370-B908-F3D91B577987}.Debug|x86.ActiveCfg = Debug|x86
		{9C1919F1-A634-4370-B908-F3D91B577987}.Debug|x86.Build.0 = Debug|x86
		{9C1919F1-A634-4370-B908-F3D91B577987}.Mac|Any CPU.ActiveCfg = Debug|x64
		{9C1919F1-A634-4370-B908-F3D91B577987}.Mac|Any CPU.Build.0 = Debug|x64
		{9C1919F1-A634-4370-B908-F3D91B577987}.Mac|arm64.ActiveCfg = Debug|arm64
		{9C1919F1-A634-4370-B908-F3D91B577987}.Mac|arm64.Build.0 = Debug|arm64
		{9C1919F1-A634-4370-B908-F3D91B577987}.Mac|x64.ActiveCfg = Debug|x64
		{9C1919F1-A634-4370-B908-F3D91B577987}.Mac|x64.Build.0 = Debug|x64
		{9C1919F1-A634-4370-B908-F3D91B577987}.Mac|x86.ActiveCfg = Debug|x86
		{9C1919F1-A634-4370-B908-F3D91B577987}.Mac|x86.Build.0 = Debug|x86
		{9C1919F1-A634-4370-B908-F3D91B577987}.Release|Any CPU.ActiveCfg = Release|x64
		{9C1919F1-A634-4370-B908-F3D91B577987}.Release|Any CPU.Build.0 = Release|x64
		{9C1919F1-A634-4370-B908-F3D91B577987}.Release|arm64.ActiveCfg = Release|arm64
		{9C1919F1-A634-4370-B908-F3D91B577987}.Release|arm64.Build.0 = Release|arm64
		{9C1919F1-A634-4370-B908-F3D91B577987}.Release|x64.ActiveCfg = Release|x64
		{9C1919F1-A634-4370-B908-F3D91B577987}.Release|x64.Build.0 = Release|x64
		{9C1919F1-A634-4370-B908-F3D91B577987}.Release|x86.ActiveCfg = Release|x86
		{9C1919F1-A634-4370-B908-F3D91B577987}.Release|x86.Build.0 = Release|x86
		{D10A85FB-FFEB-4B86-AB11-065EA173479B}.Debug|Any CPU.ActiveCfg = Debug|Any CPU
		{D10A85FB-FFEB-4B86-AB11-065EA173479B}.Debug|Any CPU.Build.0 = Debug|Any CPU
		{D10A85FB-FFEB-4B86-AB11-065EA173479B}.Debug|arm64.ActiveCfg = Debug|Any CPU
		{D10A85FB-FFEB-4B86-AB11-065EA173479B}.Debug|arm64.Build.0 = Debug|Any CPU
		{D10A85FB-FFEB-4B86-AB11-065EA173479B}.Debug|x64.ActiveCfg = Debug|Any CPU
		{D10A85FB-FFEB-4B86-AB11-065EA173479B}.Debug|x64.Build.0 = Debug|Any CPU
		{D10A85FB-FFEB-4B86-AB11-065EA173479B}.Debug|x86.ActiveCfg = Debug|Any CPU
		{D10A85FB-FFEB-4B86-AB11-065EA173479B}.Debug|x86.Build.0 = Debug|Any CPU
		{D10A85FB-FFEB-4B86-AB11-065EA173479B}.Mac|Any CPU.ActiveCfg = Debug|Any CPU
		{D10A85FB-FFEB-4B86-AB11-065EA173479B}.Mac|Any CPU.Build.0 = Debug|Any CPU
		{D10A85FB-FFEB-4B86-AB11-065EA173479B}.Mac|arm64.ActiveCfg = Debug|Any CPU
		{D10A85FB-FFEB-4B86-AB11-065EA173479B}.Mac|arm64.Build.0 = Debug|Any CPU
		{D10A85FB-FFEB-4B86-AB11-065EA173479B}.Mac|x64.ActiveCfg = Debug|Any CPU
		{D10A85FB-FFEB-4B86-AB11-065EA173479B}.Mac|x64.Build.0 = Debug|Any CPU
		{D10A85FB-FFEB-4B86-AB11-065EA173479B}.Mac|x86.ActiveCfg = Debug|Any CPU
		{D10A85FB-FFEB-4B86-AB11-065EA173479B}.Mac|x86.Build.0 = Debug|Any CPU
		{D10A85FB-FFEB-4B86-AB11-065EA173479B}.Release|Any CPU.ActiveCfg = Release|Any CPU
		{D10A85FB-FFEB-4B86-AB11-065EA173479B}.Release|Any CPU.Build.0 = Release|Any CPU
		{D10A85FB-FFEB-4B86-AB11-065EA173479B}.Release|arm64.ActiveCfg = Release|Any CPU
		{D10A85FB-FFEB-4B86-AB11-065EA173479B}.Release|arm64.Build.0 = Release|Any CPU
		{D10A85FB-FFEB-4B86-AB11-065EA173479B}.Release|x64.ActiveCfg = Release|Any CPU
		{D10A85FB-FFEB-4B86-AB11-065EA173479B}.Release|x64.Build.0 = Release|Any CPU
		{D10A85FB-FFEB-4B86-AB11-065EA173479B}.Release|x86.ActiveCfg = Release|Any CPU
		{D10A85FB-FFEB-4B86-AB11-065EA173479B}.Release|x86.Build.0 = Release|Any CPU
		{E7C38AD2-F8DA-41D5-9D10-8BEE5E9C0B40}.Debug|Any CPU.ActiveCfg = Debug|Any CPU
		{E7C38AD2-F8DA-41D5-9D10-8BEE5E9C0B40}.Debug|Any CPU.Build.0 = Debug|Any CPU
		{E7C38AD2-F8DA-41D5-9D10-8BEE5E9C0B40}.Debug|arm64.ActiveCfg = Debug|Any CPU
		{E7C38AD2-F8DA-41D5-9D10-8BEE5E9C0B40}.Debug|arm64.Build.0 = Debug|Any CPU
		{E7C38AD2-F8DA-41D5-9D10-8BEE5E9C0B40}.Debug|x64.ActiveCfg = Debug|Any CPU
		{E7C38AD2-F8DA-41D5-9D10-8BEE5E9C0B40}.Debug|x64.Build.0 = Debug|Any CPU
		{E7C38AD2-F8DA-41D5-9D10-8BEE5E9C0B40}.Debug|x86.ActiveCfg = Debug|Any CPU
		{E7C38AD2-F8DA-41D5-9D10-8BEE5E9C0B40}.Debug|x86.Build.0 = Debug|Any CPU
		{E7C38AD2-F8DA-41D5-9D10-8BEE5E9C0B40}.Mac|Any CPU.ActiveCfg = Debug|Any CPU
		{E7C38AD2-F8DA-41D5-9D10-8BEE5E9C0B40}.Mac|Any CPU.Build.0 = Debug|Any CPU
		{E7C38AD2-F8DA-41D5-9D10-8BEE5E9C0B40}.Mac|arm64.ActiveCfg = Debug|Any CPU
		{E7C38AD2-F8DA-41D5-9D10-8BEE5E9C0B40}.Mac|arm64.Build.0 = Debug|Any CPU
		{E7C38AD2-F8DA-41D5-9D10-8BEE5E9C0B40}.Mac|x64.ActiveCfg = Debug|Any CPU
		{E7C38AD2-F8DA-41D5-9D10-8BEE5E9C0B40}.Mac|x64.Build.0 = Debug|Any CPU
		{E7C38AD2-F8DA-41D5-9D10-8BEE5E9C0B40}.Mac|x86.ActiveCfg = Debug|Any CPU
		{E7C38AD2-F8DA-41D5-9D10-8BEE5E9C0B40}.Mac|x86.Build.0 = Debug|Any CPU
		{E7C38AD2-F8DA-41D5-9D10-8BEE5E9C0B40}.Release|Any CPU.ActiveCfg = Release|Any CPU
		{E7C38AD2-F8DA-41D5-9D10-8BEE5E9C0B40}.Release|Any CPU.Build.0 = Release|Any CPU
		{E7C38AD2-F8DA-41D5-9D10-8BEE5E9C0B40}.Release|arm64.ActiveCfg = Release|Any CPU
		{E7C38AD2-F8DA-41D5-9D10-8BEE5E9C0B40}.Release|arm64.Build.0 = Release|Any CPU
		{E7C38AD2-F8DA-41D5-9D10-8BEE5E9C0B40}.Release|x64.ActiveCfg = Release|Any CPU
		{E7C38AD2-F8DA-41D5-9D10-8BEE5E9C0B40}.Release|x64.Build.0 = Release|Any CPU
		{E7C38AD2-F8DA-41D5-9D10-8BEE5E9C0B40}.Release|x86.ActiveCfg = Release|Any CPU
		{E7C38AD2-F8DA-41D5-9D10-8BEE5E9C0B40}.Release|x86.Build.0 = Release|Any CPU
	EndGlobalSection
	GlobalSection(SolutionProperties) = preSolution
		HideSolutionNode = FALSE
	EndGlobalSection
	GlobalSection(ExtensibilityGlobals) = postSolution
		SolutionGuid = {56134406-E100-48F3-A46B-F022233FFFA9}
	EndGlobalSection
EndGlobal
